
Microsoft Visual Studio Solution File, Format Version 12.00
# Visual Studio Version 17
VisualStudioVersion = 17.6.33829.357
MinimumVisualStudioVersion = 10.0.40219.1
Project("{FAE04EC0-301F-11D3-BF4B-00C04F79EFBC}") = "APICrudMvc", "APICrudMvc.csproj", "{AF71A5FB-D9C1-4E34-B2F5-788677F2D667}"
EndProject
Global
	GlobalSection(SolutionConfigurationPlatforms) = preSolution
		Debug|Any CPU = Debug|Any CPU
		Release|Any CPU = Release|Any CPU
	EndGlobalSection
	GlobalSection(ProjectConfigurationPlatforms) = postSolution
		{AF71A5FB-D9C1-4E34-B2F5-788677F2D667}.Debug|Any CPU.ActiveCfg = Debug|Any CPU
		{AF71A5FB-D9C1-4E34-B2F5-788677F2D667}.Debug|Any CPU.Build.0 = Debug|Any CPU
		{AF71A5FB-D9C1-4E34-B2F5-788677F2D667}.Release|Any CPU.ActiveCfg = Release|Any CPU
		{AF71A5FB-D9C1-4E34-B2F5-788677F2D667}.Release|Any CPU.Build.0 = Release|Any CPU
	EndGlobalSection
	GlobalSection(SolutionProperties) = preSolution
		HideSolutionNode = FALSE
	EndGlobalSection
	GlobalSection(ExtensibilityGlobals) = postSolution
		SolutionGuid = {85220714-5FEF-4300-96CF-46AAF81D9F98}
	EndGlobalSection
EndGlobal
